
Microsoft Visual Studio Solution File, Format Version 12.00
# Visual Studio Version 17
VisualStudioVersion = 17.1.32407.343
MinimumVisualStudioVersion = 10.0.40219.1
Project("{8BC9CEB8-8B4A-11D0-8D11-00A0C91BC942}") = "ch8ex13ClassExercise", "ch8ex13ClassExercise\ch8ex13ClassExercise.vcxproj", "{62327E6B-A216-4732-8411-C3D94D3FAD4D}"
EndProject
Global
	GlobalSection(SolutionConfigurationPlatforms) = preSolution
		Debug|x64 = Debug|x64
		Debug|x86 = Debug|x86
		Release|x64 = Release|x64
		Release|x86 = Release|x86
	EndGlobalSection
	GlobalSection(ProjectConfigurationPlatforms) = postSolution
		{62327E6B-A216-4732-8411-C3D94D3FAD4D}.Debug|x64.ActiveCfg = Debug|x64
		{62327E6B-A216-4732-8411-C3D94D3FAD4D}.Debug|x64.Build.0 = Debug|x64
		{62327E6B-A216-4732-8411-C3D94D3FAD4D}.Debug|x86.ActiveCfg = Debug|Win32
		{62327E6B-A216-4732-8411-C3D94D3FAD4D}.Debug|x86.Build.0 = Debug|Win32
		{62327E6B-A216-4732-8411-C3D94D3FAD4D}.Release|x64.ActiveCfg = Release|x64
		{62327E6B-A216-4732-8411-C3D94D3FAD4D}.Release|x64.Build.0 = Release|x64
		{62327E6B-A216-4732-8411-C3D94D3FAD4D}.Release|x86.ActiveCfg = Release|Win32
		{62327E6B-A216-4732-8411-C3D94D3FAD4D}.Release|x86.Build.0 = Release|Win32
	EndGlobalSection
	GlobalSection(SolutionProperties) = preSolution
		HideSolutionNode = FALSE
	EndGlobalSection
	GlobalSection(ExtensibilityGlobals) = postSolution
		SolutionGuid = {87DD6FAB-CE93-4010-9E10-894C9DD15ACA}
	EndGlobalSection
EndGlobal
