
Microsoft Visual Studio Solution File, Format Version 12.00
# Visual Studio Version 17
VisualStudioVersion = 17.1.32407.343
MinimumVisualStudioVersion = 10.0.40219.1
Project("{8BC9CEB8-8B4A-11D0-8D11-00A0C91BC942}") = "STLStack", "STLStack\STLStack.vcxproj", "{42DE1726-ED1B-45D4-9F3E-03F7E7F34268}"
EndProject
Global
	GlobalSection(SolutionConfigurationPlatforms) = preSolution
		Debug|x64 = Debug|x64
		Debug|x86 = Debug|x86
		Release|x64 = Release|x64
		Release|x86 = Release|x86
	EndGlobalSection
	GlobalSection(ProjectConfigurationPlatforms) = postSolution
		{42DE1726-ED1B-45D4-9F3E-03F7E7F34268}.Debug|x64.ActiveCfg = Debug|x64
		{42DE1726-ED1B-45D4-9F3E-03F7E7F34268}.Debug|x64.Build.0 = Debug|x64
		{42DE1726-ED1B-45D4-9F3E-03F7E7F34268}.Debug|x86.ActiveCfg = Debug|Win32
		{42DE1726-ED1B-45D4-9F3E-03F7E7F34268}.Debug|x86.Build.0 = Debug|Win32
		{42DE1726-ED1B-45D4-9F3E-03F7E7F34268}.Release|x64.ActiveCfg = Release|x64
		{42DE1726-ED1B-45D4-9F3E-03F7E7F34268}.Release|x64.Build.0 = Release|x64
		{42DE1726-ED1B-45D4-9F3E-03F7E7F34268}.Release|x86.ActiveCfg = Release|Win32
		{42DE1726-ED1B-45D4-9F3E-03F7E7F34268}.Release|x86.Build.0 = Release|Win32
	EndGlobalSection
	GlobalSection(SolutionProperties) = preSolution
		HideSolutionNode = FALSE
	EndGlobalSection
	GlobalSection(ExtensibilityGlobals) = postSolution
		SolutionGuid = {2F3D54DD-4783-432F-859C-1E1D792B8FB1}
	EndGlobalSection
EndGlobal
